
Microsoft Visual Studio Solution File, Format Version 12.00
# Visual Studio Version 17
VisualStudioVersion = 17.0.32126.317
MinimumVisualStudioVersion = 10.0.40219.1
Project("{FAE04EC0-301F-11D3-BF4B-00C04F79EFBC}") = "Repaso", "Repaso.csproj", "{ADFE422E-3245-4FF7-8A44-FC1A643CF879}"
EndProject
Global
	GlobalSection(SolutionConfigurationPlatforms) = preSolution
		Debug|Any CPU = Debug|Any CPU
		Release|Any CPU = Release|Any CPU
	EndGlobalSection
	GlobalSection(ProjectConfigurationPlatforms) = postSolution
		{ADFE422E-3245-4FF7-8A44-FC1A643CF879}.Debug|Any CPU.ActiveCfg = Debug|Any CPU
		{ADFE422E-3245-4FF7-8A44-FC1A643CF879}.Debug|Any CPU.Build.0 = Debug|Any CPU
		{ADFE422E-3245-4FF7-8A44-FC1A643CF879}.Release|Any CPU.ActiveCfg = Release|Any CPU
		{ADFE422E-3245-4FF7-8A44-FC1A643CF879}.Release|Any CPU.Build.0 = Release|Any CPU
	EndGlobalSection
	GlobalSection(SolutionProperties) = preSolution
		HideSolutionNode = FALSE
	EndGlobalSection
	GlobalSection(ExtensibilityGlobals) = postSolution
		SolutionGuid = {5ACB9A12-8690-4B7D-ABE1-4A4AFC0D627A}
	EndGlobalSection
EndGlobal
